
Microsoft Visual Studio Solution File, Format Version 12.00
# Visual Studio 14
VisualStudioVersion = 14.0.25420.1
MinimumVisualStudioVersion = 10.0.40219.1
Project("{FAE04EC0-301F-11D3-BF4B-00C04F79EFBC}") = "oPopolvarovi", "oPopolvarovi\oPopolvarovi.csproj", "{10D1B1D9-9AF2-464D-9999-89CC509A56C7}"
EndProject
Project("{FAE04EC0-301F-11D3-BF4B-00C04F79EFBC}") = "oCykloch", "oCykloch\oCykloch.csproj", "{397A6407-BE70-4FEB-AA37-D4BDB8869198}"
EndProject
Project("{FAE04EC0-301F-11D3-BF4B-00C04F79EFBC}") = "oDetochNaLuke", "oDetochNaLuke\oDetochNaLuke.csproj", "{89263DCD-3FAA-40F9-A373-103F78707B5E}"
EndProject
Project("{FAE04EC0-301F-11D3-BF4B-00C04F79EFBC}") = "oZatvorkach", "oZatvorkach\oZatvorkach.csproj", "{86BDC8BF-F140-43A6-93D6-C5250B52E63B}"
EndProject
Project("{FAE04EC0-301F-11D3-BF4B-00C04F79EFBC}") = "oTelesnejVychove", "oTelesnejVychove\oTelesnejVychove.csproj", "{3E7D901B-A412-41DD-9835-4B046FC74F4D}"
EndProject
Project("{FAE04EC0-301F-11D3-BF4B-00C04F79EFBC}") = "oPrvocislach", "oPrvocislach\oPrvocislach.csproj", "{61C3ECA5-8913-4E59-9556-F6A78BCAFF2E}"
EndProject
Project("{FAE04EC0-301F-11D3-BF4B-00C04F79EFBC}") = "oStvoruholnikoch", "oStvoruholnikoch\oStvoruholnikoch.csproj", "{45CCDF04-0FEF-4F62-9E4E-7107E977494B}"
EndProject
Project("{FAE04EC0-301F-11D3-BF4B-00C04F79EFBC}") = "oJulkinejKalkulacke", "oJulkinejKalkulacke\oJulkinejKalkulacke.csproj", "{DC20543D-69B0-4DB9-840B-18656A1DCD0D}"
EndProject
Project("{FAE04EC0-301F-11D3-BF4B-00C04F79EFBC}") = "oZdravotnomStredisku", "oZdravotnomStredisku\oZdravotnomStredisku.csproj", "{DCDA841E-7216-4D3F-B779-671DBF2F5739}"
EndProject
Project("{FAE04EC0-301F-11D3-BF4B-00C04F79EFBC}") = "oSireniKlebiet", "oSireniKlebiet\oSireniKlebiet.csproj", "{8E27A126-0A5E-4E25-A74C-9585B78643AD}"
EndProject
Global
	GlobalSection(SolutionConfigurationPlatforms) = preSolution
		Debug|Any CPU = Debug|Any CPU
		Release|Any CPU = Release|Any CPU
		Description = Riešenie úloh z https://liahen.ksp.sk/
	EndGlobalSection
	GlobalSection(ProjectConfigurationPlatforms) = postSolution
		{10D1B1D9-9AF2-464D-9999-89CC509A56C7}.Debug|Any CPU.ActiveCfg = Debug|Any CPU
		{10D1B1D9-9AF2-464D-9999-89CC509A56C7}.Debug|Any CPU.Build.0 = Debug|Any CPU
		{10D1B1D9-9AF2-464D-9999-89CC509A56C7}.Release|Any CPU.ActiveCfg = Release|Any CPU
		{10D1B1D9-9AF2-464D-9999-89CC509A56C7}.Release|Any CPU.Build.0 = Release|Any CPU
		{397A6407-BE70-4FEB-AA37-D4BDB8869198}.Debug|Any CPU.ActiveCfg = Debug|Any CPU
		{397A6407-BE70-4FEB-AA37-D4BDB8869198}.Debug|Any CPU.Build.0 = Debug|Any CPU
		{397A6407-BE70-4FEB-AA37-D4BDB8869198}.Release|Any CPU.ActiveCfg = Release|Any CPU
		{397A6407-BE70-4FEB-AA37-D4BDB8869198}.Release|Any CPU.Build.0 = Release|Any CPU
		{89263DCD-3FAA-40F9-A373-103F78707B5E}.Debug|Any CPU.ActiveCfg = Debug|Any CPU
		{89263DCD-3FAA-40F9-A373-103F78707B5E}.Debug|Any CPU.Build.0 = Debug|Any CPU
		{89263DCD-3FAA-40F9-A373-103F78707B5E}.Release|Any CPU.ActiveCfg = Release|Any CPU
		{89263DCD-3FAA-40F9-A373-103F78707B5E}.Release|Any CPU.Build.0 = Release|Any CPU
		{86BDC8BF-F140-43A6-93D6-C5250B52E63B}.Debug|Any CPU.ActiveCfg = Debug|Any CPU
		{86BDC8BF-F140-43A6-93D6-C5250B52E63B}.Debug|Any CPU.Build.0 = Debug|Any CPU
		{86BDC8BF-F140-43A6-93D6-C5250B52E63B}.Release|Any CPU.ActiveCfg = Release|Any CPU
		{86BDC8BF-F140-43A6-93D6-C5250B52E63B}.Release|Any CPU.Build.0 = Release|Any CPU
		{3E7D901B-A412-41DD-9835-4B046FC74F4D}.Debug|Any CPU.ActiveCfg = Debug|Any CPU
		{3E7D901B-A412-41DD-9835-4B046FC74F4D}.Debug|Any CPU.Build.0 = Debug|Any CPU
		{3E7D901B-A412-41DD-9835-4B046FC74F4D}.Release|Any CPU.ActiveCfg = Release|Any CPU
		{3E7D901B-A412-41DD-9835-4B046FC74F4D}.Release|Any CPU.Build.0 = Release|Any CPU
		{61C3ECA5-8913-4E59-9556-F6A78BCAFF2E}.Debug|Any CPU.ActiveCfg = Debug|Any CPU
		{61C3ECA5-8913-4E59-9556-F6A78BCAFF2E}.Debug|Any CPU.Build.0 = Debug|Any CPU
		{61C3ECA5-8913-4E59-9556-F6A78BCAFF2E}.Release|Any CPU.ActiveCfg = Release|Any CPU
		{61C3ECA5-8913-4E59-9556-F6A78BCAFF2E}.Release|Any CPU.Build.0 = Release|Any CPU
		{45CCDF04-0FEF-4F62-9E4E-7107E977494B}.Debug|Any CPU.ActiveCfg = Debug|Any CPU
		{45CCDF04-0FEF-4F62-9E4E-7107E977494B}.Debug|Any CPU.Build.0 = Debug|Any CPU
		{45CCDF04-0FEF-4F62-9E4E-7107E977494B}.Release|Any CPU.ActiveCfg = Release|Any CPU
		{45CCDF04-0FEF-4F62-9E4E-7107E977494B}.Release|Any CPU.Build.0 = Release|Any CPU
		{DC20543D-69B0-4DB9-840B-18656A1DCD0D}.Debug|Any CPU.ActiveCfg = Debug|Any CPU
		{DC20543D-69B0-4DB9-840B-18656A1DCD0D}.Debug|Any CPU.Build.0 = Debug|Any CPU
		{DC20543D-69B0-4DB9-840B-18656A1DCD0D}.Release|Any CPU.ActiveCfg = Release|Any CPU
		{DC20543D-69B0-4DB9-840B-18656A1DCD0D}.Release|Any CPU.Build.0 = Release|Any CPU
		{DCDA841E-7216-4D3F-B779-671DBF2F5739}.Debug|Any CPU.ActiveCfg = Debug|Any CPU
		{DCDA841E-7216-4D3F-B779-671DBF2F5739}.Debug|Any CPU.Build.0 = Debug|Any CPU
		{DCDA841E-7216-4D3F-B779-671DBF2F5739}.Release|Any CPU.ActiveCfg = Release|Any CPU
		{DCDA841E-7216-4D3F-B779-671DBF2F5739}.Release|Any CPU.Build.0 = Release|Any CPU
		{8E27A126-0A5E-4E25-A74C-9585B78643AD}.Debug|Any CPU.ActiveCfg = Debug|Any CPU
		{8E27A126-0A5E-4E25-A74C-9585B78643AD}.Debug|Any CPU.Build.0 = Debug|Any CPU
		{8E27A126-0A5E-4E25-A74C-9585B78643AD}.Release|Any CPU.ActiveCfg = Release|Any CPU
		{8E27A126-0A5E-4E25-A74C-9585B78643AD}.Release|Any CPU.Build.0 = Release|Any CPU
	EndGlobalSection
	GlobalSection(SolutionProperties) = preSolution
		HideSolutionNode = FALSE
	EndGlobalSection
EndGlobal
